
Microsoft Visual Studio Solution File, Format Version 12.00
# Visual Studio 15
VisualStudioVersion = 15.0.28010.2046
MinimumVisualStudioVersion = 10.0.40219.1
Project("{FAE04EC0-301F-11D3-BF4B-00C04F79EFBC}") = "Windows_RightClickDashboard_ListenerAgent", "Windows_RightClickDashboard_ListenerAgent\Windows_RightClickDashboard_ListenerAgent.csproj", "{BE84156B-A3D4-4D41-966B-AB3CE4C0FF62}"
EndProject
Global
	GlobalSection(SolutionConfigurationPlatforms) = preSolution
		Debug|Any CPU = Debug|Any CPU
		Release|Any CPU = Release|Any CPU
	EndGlobalSection
	GlobalSection(ProjectConfigurationPlatforms) = postSolution
		{BE84156B-A3D4-4D41-966B-AB3CE4C0FF62}.Debug|Any CPU.ActiveCfg = Debug|Any CPU
		{BE84156B-A3D4-4D41-966B-AB3CE4C0FF62}.Debug|Any CPU.Build.0 = Debug|Any CPU
		{BE84156B-A3D4-4D41-966B-AB3CE4C0FF62}.Release|Any CPU.ActiveCfg = Release|Any CPU
		{BE84156B-A3D4-4D41-966B-AB3CE4C0FF62}.Release|Any CPU.Build.0 = Release|Any CPU
	EndGlobalSection
	GlobalSection(SolutionProperties) = preSolution
		HideSolutionNode = FALSE
	EndGlobalSection
	GlobalSection(ExtensibilityGlobals) = postSolution
		SolutionGuid = {F7699476-EA33-406E-80C7-94368C5A6621}
	EndGlobalSection
EndGlobal
